
Microsoft Visual Studio Solution File, Format Version 12.00
# Visual Studio Version 16
VisualStudioVersion = 16.0.31112.23
MinimumVisualStudioVersion = 10.0.40219.1
Project("{FAE04EC0-301F-11D3-BF4B-00C04F79EFBC}") = "Manager", "Manager\Manager.csproj", "{740EB754-09A0-4FBB-BFC4-170443B9CB69}"
EndProject
Project("{54435603-DBB4-11D2-8724-00A0C9A8B90C}") = "BBEDUAlertManagerSetup", "BBEDUAlertManagerSetup\BBEDUAlertManagerSetup.vdproj", "{9EBF25D6-22EB-40B2-B62A-E87BBE5E0660}"
EndProject
Global
	GlobalSection(SolutionConfigurationPlatforms) = preSolution
		Debug|Any CPU = Debug|Any CPU
		Release|Any CPU = Release|Any CPU
	EndGlobalSection
	GlobalSection(ProjectConfigurationPlatforms) = postSolution
		{740EB754-09A0-4FBB-BFC4-170443B9CB69}.Debug|Any CPU.ActiveCfg = Debug|Any CPU
		{740EB754-09A0-4FBB-BFC4-170443B9CB69}.Debug|Any CPU.Build.0 = Debug|Any CPU
		{740EB754-09A0-4FBB-BFC4-170443B9CB69}.Release|Any CPU.ActiveCfg = Release|Any CPU
		{740EB754-09A0-4FBB-BFC4-170443B9CB69}.Release|Any CPU.Build.0 = Release|Any CPU
		{9EBF25D6-22EB-40B2-B62A-E87BBE5E0660}.Debug|Any CPU.ActiveCfg = Debug
		{9EBF25D6-22EB-40B2-B62A-E87BBE5E0660}.Release|Any CPU.ActiveCfg = Release
	EndGlobalSection
	GlobalSection(SolutionProperties) = preSolution
		HideSolutionNode = FALSE
	EndGlobalSection
	GlobalSection(ExtensibilityGlobals) = postSolution
		SolutionGuid = {ADA51DAE-E0E1-4006-9D91-3C3C0960A5B8}
	EndGlobalSection
EndGlobal
